
Microsoft Visual Studio Solution File, Format Version 12.00
# Visual Studio Version 17
VisualStudioVersion = 17.4.33213.308
MinimumVisualStudioVersion = 10.0.40219.1
Project("{FAE04EC0-301F-11D3-BF4B-00C04F79EFBC}") = "ApiCompras", "ApiCompras\ApiCompras.csproj", "{23860AB8-6CEC-4CCB-8370-16D6352852E7}"
EndProject
Project("{2150E333-8FDC-42A3-9474-1A3956D46DE8}") = "Data", "Data", "{43FB70C8-B9CF-47EB-BA68-BFE4C9D93D35}"
EndProject
Project("{2150E333-8FDC-42A3-9474-1A3956D46DE8}") = "Businessrules", "Businessrules", "{C5118381-BB01-4D4F-911A-2215355EE6ED}"
EndProject
Project("{2150E333-8FDC-42A3-9474-1A3956D46DE8}") = "Dto", "Dto", "{F9ED3EBB-9789-462D-AFDE-4198B1ABECB3}"
EndProject
Project("{2150E333-8FDC-42A3-9474-1A3956D46DE8}") = "Util", "Util", "{B4A2E1FB-5E7A-4BAE-BFA9-B705F99FC964}"
EndProject
Project("{2150E333-8FDC-42A3-9474-1A3956D46DE8}") = "Apis", "Apis", "{80BA1804-30E8-4F9F-8549-5F6556C110BC}"
EndProject
Project("{2150E333-8FDC-42A3-9474-1A3956D46DE8}") = "ApiClient", "ApiClient", "{6A617759-25A5-41FB-88FD-0A5ED96F1E1D}"
EndProject
Project("{FAE04EC0-301F-11D3-BF4B-00C04F79EFBC}") = "RestClient", "RestClient\RestClient.csproj", "{3F091875-153E-42AE-929A-D83B7B2E68D5}"
EndProject
Project("{FAE04EC0-301F-11D3-BF4B-00C04F79EFBC}") = "Dto", "Dto\Dto.csproj", "{D582A2DB-C6F6-4D11-A2EB-F4F766271C08}"
EndProject
Project("{FAE04EC0-301F-11D3-BF4B-00C04F79EFBC}") = "DataBase", "DataBase\DataBase.csproj", "{86207484-CDAF-471C-AF20-E8532A45A3AD}"
EndProject
Project("{FAE04EC0-301F-11D3-BF4B-00C04F79EFBC}") = "GenericDataBase", "GenericDataBase\GenericDataBase.csproj", "{6169402E-C5CC-43B6-87DA-BC1EBF6FD18E}"
EndProject
Project("{FAE04EC0-301F-11D3-BF4B-00C04F79EFBC}") = "BusinessRules", "BusinessRules\BusinessRules.csproj", "{47F4F04B-C931-4ECB-9936-434DEFD462CC}"
EndProject
Project("{FAE04EC0-301F-11D3-BF4B-00C04F79EFBC}") = "NotificationsApi", "NotificationsApi\NotificationsApi.csproj", "{4EE95EBD-370A-4191-86D4-556073A2FAFA}"
EndProject
Project("{FAE04EC0-301F-11D3-BF4B-00C04F79EFBC}") = "Util", "Util\Util.csproj", "{AD30919D-6C90-4B3F-937B-B73CA4D4DA93}"
EndProject
Global
	GlobalSection(SolutionConfigurationPlatforms) = preSolution
		Debug|Any CPU = Debug|Any CPU
		Release|Any CPU = Release|Any CPU
	EndGlobalSection
	GlobalSection(ProjectConfigurationPlatforms) = postSolution
		{23860AB8-6CEC-4CCB-8370-16D6352852E7}.Debug|Any CPU.ActiveCfg = Debug|Any CPU
		{23860AB8-6CEC-4CCB-8370-16D6352852E7}.Debug|Any CPU.Build.0 = Debug|Any CPU
		{23860AB8-6CEC-4CCB-8370-16D6352852E7}.Release|Any CPU.ActiveCfg = Release|Any CPU
		{23860AB8-6CEC-4CCB-8370-16D6352852E7}.Release|Any CPU.Build.0 = Release|Any CPU
		{3F091875-153E-42AE-929A-D83B7B2E68D5}.Debug|Any CPU.ActiveCfg = Debug|Any CPU
		{3F091875-153E-42AE-929A-D83B7B2E68D5}.Debug|Any CPU.Build.0 = Debug|Any CPU
		{3F091875-153E-42AE-929A-D83B7B2E68D5}.Release|Any CPU.ActiveCfg = Release|Any CPU
		{3F091875-153E-42AE-929A-D83B7B2E68D5}.Release|Any CPU.Build.0 = Release|Any CPU
		{D582A2DB-C6F6-4D11-A2EB-F4F766271C08}.Debug|Any CPU.ActiveCfg = Debug|Any CPU
		{D582A2DB-C6F6-4D11-A2EB-F4F766271C08}.Debug|Any CPU.Build.0 = Debug|Any CPU
		{D582A2DB-C6F6-4D11-A2EB-F4F766271C08}.Release|Any CPU.ActiveCfg = Release|Any CPU
		{D582A2DB-C6F6-4D11-A2EB-F4F766271C08}.Release|Any CPU.Build.0 = Release|Any CPU
		{86207484-CDAF-471C-AF20-E8532A45A3AD}.Debug|Any CPU.ActiveCfg = Debug|Any CPU
		{86207484-CDAF-471C-AF20-E8532A45A3AD}.Debug|Any CPU.Build.0 = Debug|Any CPU
		{86207484-CDAF-471C-AF20-E8532A45A3AD}.Release|Any CPU.ActiveCfg = Release|Any CPU
		{86207484-CDAF-471C-AF20-E8532A45A3AD}.Release|Any CPU.Build.0 = Release|Any CPU
		{6169402E-C5CC-43B6-87DA-BC1EBF6FD18E}.Debug|Any CPU.ActiveCfg = Debug|Any CPU
		{6169402E-C5CC-43B6-87DA-BC1EBF6FD18E}.Debug|Any CPU.Build.0 = Debug|Any CPU
		{6169402E-C5CC-43B6-87DA-BC1EBF6FD18E}.Release|Any CPU.ActiveCfg = Release|Any CPU
		{6169402E-C5CC-43B6-87DA-BC1EBF6FD18E}.Release|Any CPU.Build.0 = Release|Any CPU
		{47F4F04B-C931-4ECB-9936-434DEFD462CC}.Debug|Any CPU.ActiveCfg = Debug|Any CPU
		{47F4F04B-C931-4ECB-9936-434DEFD462CC}.Debug|Any CPU.Build.0 = Debug|Any CPU
		{47F4F04B-C931-4ECB-9936-434DEFD462CC}.Release|Any CPU.ActiveCfg = Release|Any CPU
		{47F4F04B-C931-4ECB-9936-434DEFD462CC}.Release|Any CPU.Build.0 = Release|Any CPU
		{4EE95EBD-370A-4191-86D4-556073A2FAFA}.Debug|Any CPU.ActiveCfg = Debug|Any CPU
		{4EE95EBD-370A-4191-86D4-556073A2FAFA}.Debug|Any CPU.Build.0 = Debug|Any CPU
		{4EE95EBD-370A-4191-86D4-556073A2FAFA}.Release|Any CPU.ActiveCfg = Release|Any CPU
		{4EE95EBD-370A-4191-86D4-556073A2FAFA}.Release|Any CPU.Build.0 = Release|Any CPU
		{AD30919D-6C90-4B3F-937B-B73CA4D4DA93}.Debug|Any CPU.ActiveCfg = Debug|Any CPU
		{AD30919D-6C90-4B3F-937B-B73CA4D4DA93}.Debug|Any CPU.Build.0 = Debug|Any CPU
		{AD30919D-6C90-4B3F-937B-B73CA4D4DA93}.Release|Any CPU.ActiveCfg = Release|Any CPU
		{AD30919D-6C90-4B3F-937B-B73CA4D4DA93}.Release|Any CPU.Build.0 = Release|Any CPU
	EndGlobalSection
	GlobalSection(SolutionProperties) = preSolution
		HideSolutionNode = FALSE
	EndGlobalSection
	GlobalSection(NestedProjects) = preSolution
		{23860AB8-6CEC-4CCB-8370-16D6352852E7} = {80BA1804-30E8-4F9F-8549-5F6556C110BC}
		{3F091875-153E-42AE-929A-D83B7B2E68D5} = {6A617759-25A5-41FB-88FD-0A5ED96F1E1D}
		{D582A2DB-C6F6-4D11-A2EB-F4F766271C08} = {F9ED3EBB-9789-462D-AFDE-4198B1ABECB3}
		{86207484-CDAF-471C-AF20-E8532A45A3AD} = {43FB70C8-B9CF-47EB-BA68-BFE4C9D93D35}
		{6169402E-C5CC-43B6-87DA-BC1EBF6FD18E} = {43FB70C8-B9CF-47EB-BA68-BFE4C9D93D35}
		{47F4F04B-C931-4ECB-9936-434DEFD462CC} = {C5118381-BB01-4D4F-911A-2215355EE6ED}
		{4EE95EBD-370A-4191-86D4-556073A2FAFA} = {80BA1804-30E8-4F9F-8549-5F6556C110BC}
		{AD30919D-6C90-4B3F-937B-B73CA4D4DA93} = {B4A2E1FB-5E7A-4BAE-BFA9-B705F99FC964}
	EndGlobalSection
	GlobalSection(ExtensibilityGlobals) = postSolution
		SolutionGuid = {E57434A2-A105-4C2E-839E-A6EC50BC7397}
	EndGlobalSection
EndGlobal
